// !$*UTF8*$!
{
	archiveVersion = 1;
	classes = {
	};
	objectVersion = 56;
	objects = {

/* Begin PBXBuildFile section */
		3F9026B72B91B10A00B9FEE3 /* AppDelegate.swift in Sources */ = {isa = PBXBuildFile; fileRef = 3F9026B62B91B10A00B9FEE3 /* AppDelegate.swift */; };
		3F9026B92B91B10A00B9FEE3 /* SceneDelegate.swift in Sources */ = {isa = PBXBuildFile; fileRef = 3F9026B82B91B10A00B9FEE3 /* SceneDelegate.swift */; };
		3F9026BB2B91B10A00B9FEE3 /* MainViewController.swift in Sources */ = {isa = PBXBuildFile; fileRef = 3F9026BA2B91B10A00B9FEE3 /* MainViewController.swift */; };
		3F9026C02B91B10C00B9FEE3 /* Assets.xcassets in Resources */ = {isa = PBXBuildFile; fileRef = 3F9026BF2B91B10C00B9FEE3 /* Assets.xcassets */; };
		3F9026C32B91B10C00B9FEE3 /* LaunchScreen.storyboard in Resources */ = {isa = PBXBuildFile; fileRef = 3F9026C12B91B10C00B9FEE3 /* LaunchScreen.storyboard */; };
		3F9026CE2B91D07B00B9FEE3 /* VerticalTableCell.swift in Sources */ = {isa = PBXBuildFile; fileRef = 3F9026CD2B91D07B00B9FEE3 /* VerticalTableCell.swift */; };
		3F9026D02B91D0A800B9FEE3 /* HorizontalCollectionCell.swift in Sources */ = {isa = PBXBuildFile; fileRef = 3F9026CF2B91D0A800B9FEE3 /* HorizontalCollectionCell.swift */; };
		3F9026D22B91F0B500B9FEE3 /* ScrollPositionDelegate.swift in Sources */ = {isa = PBXBuildFile; fileRef = 3F9026D12B91F0B500B9FEE3 /* ScrollPositionDelegate.swift */; };
		3F99BCF42B95A71000EE47C9 /* TableView + CollectionView.swift in Sources */ = {isa = PBXBuildFile; fileRef = 3F99BCF32B95A71000EE47C9 /* TableView + CollectionView.swift */; };
		3F99BCF62B95A78500EE47C9 /* TableView + ScrollView.swift in Sources */ = {isa = PBXBuildFile; fileRef = 3F99BCF52B95A78500EE47C9 /* TableView + ScrollView.swift */; };
		3F99BCF82B95A88600EE47C9 /* VC + ScrollDelegate.swift in Sources */ = {isa = PBXBuildFile; fileRef = 3F99BCF72B95A88600EE47C9 /* VC + ScrollDelegate.swift */; };
		3F99BCFA2B95A8A300EE47C9 /* VC + TableView.swift in Sources */ = {isa = PBXBuildFile; fileRef = 3F99BCF92B95A8A300EE47C9 /* VC + TableView.swift */; };
		87AB3BAA3E12C80A764C9105 /* Pods_RandomNumbersList.framework in Frameworks */ = {isa = PBXBuildFile; fileRef = 4BB1E313F3BC6A8C69CB7B79 /* Pods_RandomNumbersList.framework */; };
/* End PBXBuildFile section */

/* Begin PBXFileReference section */
		3F9026B32B91B10A00B9FEE3 /* RandomNumbersList.app */ = {isa = PBXFileReference; explicitFileType = wrapper.application; includeInIndex = 0; path = RandomNumbersList.app; sourceTree = BUILT_PRODUCTS_DIR; };
		3F9026B62B91B10A00B9FEE3 /* AppDelegate.swift */ = {isa = PBXFileReference; lastKnownFileType = sourcecode.swift; path = AppDelegate.swift; sourceTree = "<group>"; };
		3F9026B82B91B10A00B9FEE3 /* SceneDelegate.swift */ = {isa = PBXFileReference; lastKnownFileType = sourcecode.swift; path = SceneDelegate.swift; sourceTree = "<group>"; };
		3F9026BA2B91B10A00B9FEE3 /* MainViewController.swift */ = {isa = PBXFileReference; lastKnownFileType = sourcecode.swift; path = MainViewController.swift; sourceTree = "<group>"; };
		3F9026BF2B91B10C00B9FEE3 /* Assets.xcassets */ = {isa = PBXFileReference; lastKnownFileType = folder.assetcatalog; path = Assets.xcassets; sourceTree = "<group>"; };
		3F9026C22B91B10C00B9FEE3 /* Base */ = {isa = PBXFileReference; lastKnownFileType = file.storyboard; name = Base; path = Base.lproj/LaunchScreen.storyboard; sourceTree = "<group>"; };
		3F9026C42B91B10C00B9FEE3 /* Info.plist */ = {isa = PBXFileReference; lastKnownFileType = text.plist.xml; path = Info.plist; sourceTree = "<group>"; };
		3F9026CD2B91D07B00B9FEE3 /* VerticalTableCell.swift */ = {isa = PBXFileReference; lastKnownFileType = sourcecode.swift; path = VerticalTableCell.swift; sourceTree = "<group>"; };
		3F9026CF2B91D0A800B9FEE3 /* HorizontalCollectionCell.swift */ = {isa = PBXFileReference; lastKnownFileType = sourcecode.swift; path = HorizontalCollectionCell.swift; sourceTree = "<group>"; };
		3F9026D12B91F0B500B9FEE3 /* ScrollPositionDelegate.swift */ = {isa = PBXFileReference; lastKnownFileType = sourcecode.swift; path = ScrollPositionDelegate.swift; sourceTree = "<group>"; };
		3F99BCF32B95A71000EE47C9 /* TableView + CollectionView.swift */ = {isa = PBXFileReference; lastKnownFileType = sourcecode.swift; path = "TableView + CollectionView.swift"; sourceTree = "<group>"; };
		3F99BCF52B95A78500EE47C9 /* TableView + ScrollView.swift */ = {isa = PBXFileReference; lastKnownFileType = sourcecode.swift; path = "TableView + ScrollView.swift"; sourceTree = "<group>"; };
		3F99BCF72B95A88600EE47C9 /* VC + ScrollDelegate.swift */ = {isa = PBXFileReference; lastKnownFileType = sourcecode.swift; path = "VC + ScrollDelegate.swift"; sourceTree = "<group>"; };
		3F99BCF92B95A8A300EE47C9 /* VC + TableView.swift */ = {isa = PBXFileReference; lastKnownFileType = sourcecode.swift; path = "VC + TableView.swift"; sourceTree = "<group>"; };
		4BB1E313F3BC6A8C69CB7B79 /* Pods_RandomNumbersList.framework */ = {isa = PBXFileReference; explicitFileType = wrapper.framework; includeInIndex = 0; path = Pods_RandomNumbersList.framework; sourceTree = BUILT_PRODUCTS_DIR; };
		D21C6F4BBB00C8C344A679C1 /* Pods-RandomNumbersList.debug.xcconfig */ = {isa = PBXFileReference; includeInIndex = 1; lastKnownFileType = text.xcconfig; name = "Pods-RandomNumbersList.debug.xcconfig"; path = "Target Support Files/Pods-RandomNumbersList/Pods-RandomNumbersList.debug.xcconfig"; sourceTree = "<group>"; };
		DC549BDB71F73F3B32E14D0E /* Pods-RandomNumbersList.release.xcconfig */ = {isa = PBXFileReference; includeInIndex = 1; lastKnownFileType = text.xcconfig; name = "Pods-RandomNumbersList.release.xcconfig"; path = "Target Support Files/Pods-RandomNumbersList/Pods-RandomNumbersList.release.xcconfig"; sourceTree = "<group>"; };
/* End PBXFileReference section */

/* Begin PBXFrameworksBuildPhase section */
		3F9026B02B91B10A00B9FEE3 /* Frameworks */ = {
			isa = PBXFrameworksBuildPhase;
			buildActionMask = 2147483647;
			files = (
				87AB3BAA3E12C80A764C9105 /* Pods_RandomNumbersList.framework in Frameworks */,
			);
			runOnlyForDeploymentPostprocessing = 0;
		};
/* End PBXFrameworksBuildPhase section */

/* Begin PBXGroup section */
		3F9026AA2B91B10A00B9FEE3 = {
			isa = PBXGroup;
			children = (
				3F9026B52B91B10A00B9FEE3 /* RandomNumbersList */,
				3F9026B42B91B10A00B9FEE3 /* Products */,
				A8CD7FAB61B54DD3EA68230B /* Pods */,
				EBB8743E4583D458DEB5D5AA /* Frameworks */,
			);
			sourceTree = "<group>";
		};
		3F9026B42B91B10A00B9FEE3 /* Products */ = {
			isa = PBXGroup;
			children = (
				3F9026B32B91B10A00B9FEE3 /* RandomNumbersList.app */,
			);
			name = Products;
			sourceTree = "<group>";
		};
		3F9026B52B91B10A00B9FEE3 /* RandomNumbersList */ = {
			isa = PBXGroup;
			children = (
				3F9026CB2B91B1F900B9FEE3 /* Scenes */,
				3F9026CA2B91B1EC00B9FEE3 /* AppDelegate */,
				3F9026BF2B91B10C00B9FEE3 /* Assets.xcassets */,
				3F9026C12B91B10C00B9FEE3 /* LaunchScreen.storyboard */,
				3F9026C42B91B10C00B9FEE3 /* Info.plist */,
			);
			path = RandomNumbersList;
			sourceTree = "<group>";
		};
		3F9026CA2B91B1EC00B9FEE3 /* AppDelegate */ = {
			isa = PBXGroup;
			children = (
				3F9026B82B91B10A00B9FEE3 /* SceneDelegate.swift */,
				3F9026B62B91B10A00B9FEE3 /* AppDelegate.swift */,
			);
			path = AppDelegate;
			sourceTree = "<group>";
		};
		3F9026CB2B91B1F900B9FEE3 /* Scenes */ = {
			isa = PBXGroup;
			children = (
				3F9026CC2B91B20200B9FEE3 /* Main */,
			);
			path = Scenes;
			sourceTree = "<group>";
		};
		3F9026CC2B91B20200B9FEE3 /* Main */ = {
			isa = PBXGroup;
			children = (
				3F99BCF02B95A34300EE47C9 /* Protocol */,
				3F99BCEF2B95A31700EE47C9 /* Horizontal Collection Cell */,
				3F99BCEE2B95A2FA00EE47C9 /* Vertical Table Cell */,
				3F99BCED2B95A29D00EE47C9 /* Controller */,
			);
			path = Main;
			sourceTree = "<group>";
		};
		3F99BCED2B95A29D00EE47C9 /* Controller */ = {
			isa = PBXGroup;
			children = (
				3F99BCF12B95A35100EE47C9 /* Extensions */,
				3F9026BA2B91B10A00B9FEE3 /* MainViewController.swift */,
			);
			path = Controller;
			sourceTree = "<group>";
		};
		3F99BCEE2B95A2FA00EE47C9 /* Vertical Table Cell */ = {
			isa = PBXGroup;
			children = (
				3F99BCF22B95A6D500EE47C9 /* Extensions */,
				3F9026CD2B91D07B00B9FEE3 /* VerticalTableCell.swift */,
			);
			path = "Vertical Table Cell";
			sourceTree = "<group>";
		};
		3F99BCEF2B95A31700EE47C9 /* Horizontal Collection Cell */ = {
			isa = PBXGroup;
			children = (
				3F9026CF2B91D0A800B9FEE3 /* HorizontalCollectionCell.swift */,
			);
			path = "Horizontal Collection Cell";
			sourceTree = "<group>";
		};
		3F99BCF02B95A34300EE47C9 /* Protocol */ = {
			isa = PBXGroup;
			children = (
				3F9026D12B91F0B500B9FEE3 /* ScrollPositionDelegate.swift */,
			);
			path = Protocol;
			sourceTree = "<group>";
		};
		3F99BCF12B95A35100EE47C9 /* Extensions */ = {
			isa = PBXGroup;
			children = (
				3F99BCF72B95A88600EE47C9 /* VC + ScrollDelegate.swift */,
				3F99BCF92B95A8A300EE47C9 /* VC + TableView.swift */,
			);
			path = Extensions;
			sourceTree = "<group>";
		};
		3F99BCF22B95A6D500EE47C9 /* Extensions */ = {
			isa = PBXGroup;
			children = (
				3F99BCF32B95A71000EE47C9 /* TableView + CollectionView.swift */,
				3F99BCF52B95A78500EE47C9 /* TableView + ScrollView.swift */,
			);
			path = Extensions;
			sourceTree = "<group>";
		};
		A8CD7FAB61B54DD3EA68230B /* Pods */ = {
			isa = PBXGroup;
			children = (
				D21C6F4BBB00C8C344A679C1 /* Pods-RandomNumbersList.debug.xcconfig */,
				DC549BDB71F73F3B32E14D0E /* Pods-RandomNumbersList.release.xcconfig */,
			);
			path = Pods;
			sourceTree = "<group>";
		};
		EBB8743E4583D458DEB5D5AA /* Frameworks */ = {
			isa = PBXGroup;
			children = (
				4BB1E313F3BC6A8C69CB7B79 /* Pods_RandomNumbersList.framework */,
			);
			name = Frameworks;
			sourceTree = "<group>";
		};
/* End PBXGroup section */

/* Begin PBXNativeTarget section */
		3F9026B22B91B10A00B9FEE3 /* RandomNumbersList */ = {
			isa = PBXNativeTarget;
			buildConfigurationList = 3F9026C72B91B10C00B9FEE3 /* Build configuration list for PBXNativeTarget "RandomNumbersList" */;
			buildPhases = (
				0FFD9DE77112E0B2740EC3E9 /* [CP] Check Pods Manifest.lock */,
				3F9026AF2B91B10A00B9FEE3 /* Sources */,
				3F9026B02B91B10A00B9FEE3 /* Frameworks */,
				3F9026B12B91B10A00B9FEE3 /* Resources */,
				3468561E90B4B1CF64382C4D /* [CP] Embed Pods Frameworks */,
			);
			buildRules = (
			);
			dependencies = (
			);
			name = RandomNumbersList;
			productName = RandomNumbersList;
			productReference = 3F9026B32B91B10A00B9FEE3 /* RandomNumbersList.app */;
			productType = "com.apple.product-type.application";
		};
/* End PBXNativeTarget section */

/* Begin PBXProject section */
		3F9026AB2B91B10A00B9FEE3 /* Project object */ = {
			isa = PBXProject;
			attributes = {
				BuildIndependentTargetsInParallel = 1;
				LastSwiftUpdateCheck = 1420;
				LastUpgradeCheck = 1420;
				TargetAttributes = {
					3F9026B22B91B10A00B9FEE3 = {
						CreatedOnToolsVersion = 14.2;
					};
				};
			};
			buildConfigurationList = 3F9026AE2B91B10A00B9FEE3 /* Build configuration list for PBXProject "RandomNumbersList" */;
			compatibilityVersion = "Xcode 14.0";
			developmentRegion = en;
			hasScannedForEncodings = 0;
			knownRegions = (
				en,
				Base,
			);
			mainGroup = 3F9026AA2B91B10A00B9FEE3;
			productRefGroup = 3F9026B42B91B10A00B9FEE3 /* Products */;
			projectDirPath = "";
			projectRoot = "";
			targets = (
				3F9026B22B91B10A00B9FEE3 /* RandomNumbersList */,
			);
		};
/* End PBXProject section */

/* Begin PBXResourcesBuildPhase section */
		3F9026B12B91B10A00B9FEE3 /* Resources */ = {
			isa = PBXResourcesBuildPhase;
			buildActionMask = 2147483647;
			files = (
				3F9026C32B91B10C00B9FEE3 /* LaunchScreen.storyboard in Resources */,
				3F9026C02B91B10C00B9FEE3 /* Assets.xcassets in Resources */,
			);
			runOnlyForDeploymentPostprocessing = 0;
		};
/* End PBXResourcesBuildPhase section */

/* Begin PBXShellScriptBuildPhase section */
		0FFD9DE77112E0B2740EC3E9 /* [CP] Check Pods Manifest.lock */ = {
			isa = PBXShellScriptBuildPhase;
			buildActionMask = 2147483647;
			files = (
			);
			inputFileListPaths = (
			);
			inputPaths = (
				"${PODS_PODFILE_DIR_PATH}/Podfile.lock",
				"${PODS_ROOT}/Manifest.lock",
			);
			name = "[CP] Check Pods Manifest.lock";
			outputFileListPaths = (
			);
			outputPaths = (
				"$(DERIVED_FILE_DIR)/Pods-RandomNumbersList-checkManifestLockResult.txt",
			);
			runOnlyForDeploymentPostprocessing = 0;
			shellPath = /bin/sh;
			shellScript = "diff \"${PODS_PODFILE_DIR_PATH}/Podfile.lock\" \"${PODS_ROOT}/Manifest.lock\" > /dev/null\nif [ $? != 0 ] ; then\n    # print error to STDERR\n    echo \"error: The sandbox is not in sync with the Podfile.lock. Run 'pod install' or update your CocoaPods installation.\" >&2\n    exit 1\nfi\n# This output is used by Xcode 'outputs' to avoid re-running this script phase.\necho \"SUCCESS\" > \"${SCRIPT_OUTPUT_FILE_0}\"\n";
			showEnvVarsInLog = 0;
		};
		3468561E90B4B1CF64382C4D /* [CP] Embed Pods Frameworks */ = {
			isa = PBXShellScriptBuildPhase;
			buildActionMask = 2147483647;
			files = (
			);
			inputFileListPaths = (
				"${PODS_ROOT}/Target Support Files/Pods-RandomNumbersList/Pods-RandomNumbersList-frameworks-${CONFIGURATION}-input-files.xcfilelist",
			);
			name = "[CP] Embed Pods Frameworks";
			outputFileListPaths = (
				"${PODS_ROOT}/Target Support Files/Pods-RandomNumbersList/Pods-RandomNumbersList-frameworks-${CONFIGURATION}-output-files.xcfilelist",
			);
			runOnlyForDeploymentPostprocessing = 0;
			shellPath = /bin/sh;
			shellScript = "\"${PODS_ROOT}/Target Support Files/Pods-RandomNumbersList/Pods-RandomNumbersList-frameworks.sh\"\n";
			showEnvVarsInLog = 0;
		};
/* End PBXShellScriptBuildPhase section */

/* Begin PBXSourcesBuildPhase section */
		3F9026AF2B91B10A00B9FEE3 /* Sources */ = {
			isa = PBXSourcesBuildPhase;
			buildActionMask = 2147483647;
			files = (
				3F99BCFA2B95A8A300EE47C9 /* VC + TableView.swift in Sources */,
				3F9026D02B91D0A800B9FEE3 /* HorizontalCollectionCell.swift in Sources */,
				3F9026CE2B91D07B00B9FEE3 /* VerticalTableCell.swift in Sources */,
				3F9026D22B91F0B500B9FEE3 /* ScrollPositionDelegate.swift in Sources */,
				3F9026BB2B91B10A00B9FEE3 /* MainViewController.swift in Sources */,
				3F99BCF82B95A88600EE47C9 /* VC + ScrollDelegate.swift in Sources */,
				3F9026B72B91B10A00B9FEE3 /* AppDelegate.swift in Sources */,
				3F9026B92B91B10A00B9FEE3 /* SceneDelegate.swift in Sources */,
				3F99BCF42B95A71000EE47C9 /* TableView + CollectionView.swift in Sources */,
				3F99BCF62B95A78500EE47C9 /* TableView + ScrollView.swift in Sources */,
			);
			runOnlyForDeploymentPostprocessing = 0;
		};
/* End PBXSourcesBuildPhase section */

/* Begin PBXVariantGroup section */
		3F9026C12B91B10C00B9FEE3 /* LaunchScreen.storyboard */ = {
			isa = PBXVariantGroup;
			children = (
				3F9026C22B91B10C00B9FEE3 /* Base */,
			);
			name = LaunchScreen.storyboard;
			sourceTree = "<group>";
		};
/* End PBXVariantGroup section */

/* Begin XCBuildConfiguration section */
		3F9026C52B91B10C00B9FEE3 /* Debug */ = {
			isa = XCBuildConfiguration;
			buildSettings = {
				ALWAYS_SEARCH_USER_PATHS = NO;
				CLANG_ANALYZER_NONNULL = YES;
				CLANG_ANALYZER_NUMBER_OBJECT_CONVERSION = YES_AGGRESSIVE;
				CLANG_CXX_LANGUAGE_STANDARD = "gnu++20";
				CLANG_ENABLE_MODULES = YES;
				CLANG_ENABLE_OBJC_ARC = YES;
				CLANG_ENABLE_OBJC_WEAK = YES;
				CLANG_WARN_BLOCK_CAPTURE_AUTORELEASING = YES;
				CLANG_WARN_BOOL_CONVERSION = YES;
				CLANG_WARN_COMMA = YES;
				CLANG_WARN_CONSTANT_CONVERSION = YES;
				CLANG_WARN_DEPRECATED_OBJC_IMPLEMENTATIONS = YES;
				CLANG_WARN_DIRECT_OBJC_ISA_USAGE = YES_ERROR;
				CLANG_WARN_DOCUMENTATION_COMMENTS = YES;
				CLANG_WARN_EMPTY_BODY = YES;
				CLANG_WARN_ENUM_CONVERSION = YES;
				CLANG_WARN_INFINITE_RECURSION = YES;
				CLANG_WARN_INT_CONVERSION = YES;
				CLANG_WARN_NON_LITERAL_NULL_CONVERSION = YES;
				CLANG_WARN_OBJC_IMPLICIT_RETAIN_SELF = YES;
				CLANG_WARN_OBJC_LITERAL_CONVERSION = YES;
				CLANG_WARN_OBJC_ROOT_CLASS = YES_ERROR;
				CLANG_WARN_QUOTED_INCLUDE_IN_FRAMEWORK_HEADER = YES;
				CLANG_WARN_RANGE_LOOP_ANALYSIS = YES;
				CLANG_WARN_STRICT_PROTOTYPES = YES;
				CLANG_WARN_SUSPICIOUS_MOVE = YES;
				CLANG_WARN_UNGUARDED_AVAILABILITY = YES_AGGRESSIVE;
				CLANG_WARN_UNREACHABLE_CODE = YES;
				CLANG_WARN__DUPLICATE_METHOD_MATCH = YES;
				COPY_PHASE_STRIP = NO;
				DEBUG_INFORMATION_FORMAT = dwarf;
				ENABLE_STRICT_OBJC_MSGSEND = YES;
				ENABLE_TESTABILITY = YES;
				GCC_C_LANGUAGE_STANDARD = gnu11;
				GCC_DYNAMIC_NO_PIC = NO;
				GCC_NO_COMMON_BLOCKS = YES;
				GCC_OPTIMIZATION_LEVEL = 0;
				GCC_PREPROCESSOR_DEFINITIONS = (
					"DEBUG=1",
					"$(inherited)",
				);
				GCC_WARN_64_TO_32_BIT_CONVERSION = YES;
				GCC_WARN_ABOUT_RETURN_TYPE = YES_ERROR;
				GCC_WARN_UNDECLARED_SELECTOR = YES;
				GCC_WARN_UNINITIALIZED_AUTOS = YES_AGGRESSIVE;
				GCC_WARN_UNUSED_FUNCTION = YES;
				GCC_WARN_UNUSED_VARIABLE = YES;
				IPHONEOS_DEPLOYMENT_TARGET = 16.2;
				MTL_ENABLE_DEBUG_INFO = INCLUDE_SOURCE;
				MTL_FAST_MATH = YES;
				ONLY_ACTIVE_ARCH = YES;
				SDKROOT = iphoneos;
				SWIFT_ACTIVE_COMPILATION_CONDITIONS = DEBUG;
				SWIFT_OPTIMIZATION_LEVEL = "-Onone";
			};
			name = Debug;
		};
		3F9026C62B91B10C00B9FEE3 /* Release */ = {
			isa = XCBuildConfiguration;
			buildSettings = {
				ALWAYS_SEARCH_USER_PATHS = NO;
				CLANG_ANALYZER_NONNULL = YES;
				CLANG_ANALYZER_NUMBER_OBJECT_CONVERSION = YES_AGGRESSIVE;
				CLANG_CXX_LANGUAGE_STANDARD = "gnu++20";
				CLANG_ENABLE_MODULES = YES;
				CLANG_ENABLE_OBJC_ARC = YES;
				CLANG_ENABLE_OBJC_WEAK = YES;
				CLANG_WARN_BLOCK_CAPTURE_AUTORELEASING = YES;
				CLANG_WARN_BOOL_CONVERSION = YES;
				CLANG_WARN_COMMA = YES;
				CLANG_WARN_CONSTANT_CONVERSION = YES;
				CLANG_WARN_DEPRECATED_OBJC_IMPLEMENTATIONS = YES;
				CLANG_WARN_DIRECT_OBJC_ISA_USAGE = YES_ERROR;
				CLANG_WARN_DOCUMENTATION_COMMENTS = YES;
				CLANG_WARN_EMPTY_BODY = YES;
				CLANG_WARN_ENUM_CONVERSION = YES;
				CLANG_WARN_INFINITE_RECURSION = YES;
				CLANG_WARN_INT_CONVERSION = YES;
				CLANG_WARN_NON_LITERAL_NULL_CONVERSION = YES;
				CLANG_WARN_OBJC_IMPLICIT_RETAIN_SELF = YES;
				CLANG_WARN_OBJC_LITERAL_CONVERSION = YES;
				CLANG_WARN_OBJC_ROOT_CLASS = YES_ERROR;
				CLANG_WARN_QUOTED_INCLUDE_IN_FRAMEWORK_HEADER = YES;
				CLANG_WARN_RANGE_LOOP_ANALYSIS = YES;
				CLANG_WARN_STRICT_PROTOTYPES = YES;
				CLANG_WARN_SUSPICIOUS_MOVE = YES;
				CLANG_WARN_UNGUARDED_AVAILABILITY = YES_AGGRESSIVE;
				CLANG_WARN_UNREACHABLE_CODE = YES;
				CLANG_WARN__DUPLICATE_METHOD_MATCH = YES;
				COPY_PHASE_STRIP = NO;
				DEBUG_INFORMATION_FORMAT = "dwarf-with-dsym";
				ENABLE_NS_ASSERTIONS = NO;
				ENABLE_STRICT_OBJC_MSGSEND = YES;
				GCC_C_LANGUAGE_STANDARD = gnu11;
				GCC_NO_COMMON_BLOCKS = YES;
				GCC_WARN_64_TO_32_BIT_CONVERSION = YES;
				GCC_WARN_ABOUT_RETURN_TYPE = YES_ERROR;
				GCC_WARN_UNDECLARED_SELECTOR = YES;
				GCC_WARN_UNINITIALIZED_AUTOS = YES_AGGRESSIVE;
				GCC_WARN_UNUSED_FUNCTION = YES;
				GCC_WARN_UNUSED_VARIABLE = YES;
				IPHONEOS_DEPLOYMENT_TARGET = 16.2;
				MTL_ENABLE_DEBUG_INFO = NO;
				MTL_FAST_MATH = YES;
				SDKROOT = iphoneos;
				SWIFT_COMPILATION_MODE = wholemodule;
				SWIFT_OPTIMIZATION_LEVEL = "-O";
				VALIDATE_PRODUCT = YES;
			};
			name = Release;
		};
		3F9026C82B91B10C00B9FEE3 /* Debug */ = {
			isa = XCBuildConfiguration;
			baseConfigurationReference = D21C6F4BBB00C8C344A679C1 /* Pods-RandomNumbersList.debug.xcconfig */;
			buildSettings = {
				ASSETCATALOG_COMPILER_APPICON_NAME = AppIcon;
				ASSETCATALOG_COMPILER_GLOBAL_ACCENT_COLOR_NAME = AccentColor;
				CODE_SIGN_STYLE = Automatic;
				CURRENT_PROJECT_VERSION = 1;
				DEVELOPMENT_TEAM = Q6T7K2U4VA;
				GENERATE_INFOPLIST_FILE = YES;
				INFOPLIST_FILE = RandomNumbersList/Info.plist;
				INFOPLIST_KEY_UIApplicationSupportsIndirectInputEvents = YES;
				INFOPLIST_KEY_UILaunchStoryboardName = LaunchScreen;
				INFOPLIST_KEY_UISupportedInterfaceOrientations_iPad = "UIInterfaceOrientationPortrait UIInterfaceOrientationPortraitUpsideDown UIInterfaceOrientationLandscapeLeft UIInterfaceOrientationLandscapeRight";
				INFOPLIST_KEY_UISupportedInterfaceOrientations_iPhone = "UIInterfaceOrientationPortrait UIInterfaceOrientationLandscapeLeft UIInterfaceOrientationLandscapeRight";
				LD_RUNPATH_SEARCH_PATHS = (
					"$(inherited)",
					"@executable_path/Frameworks",
				);
				MARKETING_VERSION = 1.0;
				PRODUCT_BUNDLE_IDENTIFIER = com.vladgudenko.RandomNumbersList;
				PRODUCT_NAME = "$(TARGET_NAME)";
				SWIFT_EMIT_LOC_STRINGS = YES;
				SWIFT_VERSION = 5.0;
				TARGETED_DEVICE_FAMILY = "1,2";
			};
			name = Debug;
		};
		3F9026C92B91B10C00B9FEE3 /* Release */ = {
			isa = XCBuildConfiguration;
			baseConfigurationReference = DC549BDB71F73F3B32E14D0E /* Pods-RandomNumbersList.release.xcconfig */;
			buildSettings = {
				ASSETCATALOG_COMPILER_APPICON_NAME = AppIcon;
				ASSETCATALOG_COMPILER_GLOBAL_ACCENT_COLOR_NAME = AccentColor;
				CODE_SIGN_STYLE = Automatic;
				CURRENT_PROJECT_VERSION = 1;
				DEVELOPMENT_TEAM = Q6T7K2U4VA;
				GENERATE_INFOPLIST_FILE = YES;
				INFOPLIST_FILE = RandomNumbersList/Info.plist;
				INFOPLIST_KEY_UIApplicationSupportsIndirectInputEvents = YES;
				INFOPLIST_KEY_UILaunchStoryboardName = LaunchScreen;
				INFOPLIST_KEY_UISupportedInterfaceOrientations_iPad = "UIInterfaceOrientationPortrait UIInterfaceOrientationPortraitUpsideDown UIInterfaceOrientationLandscapeLeft UIInterfaceOrientationLandscapeRight";
				INFOPLIST_KEY_UISupportedInterfaceOrientations_iPhone = "UIInterfaceOrientationPortrait UIInterfaceOrientationLandscapeLeft UIInterfaceOrientationLandscapeRight";
				LD_RUNPATH_SEARCH_PATHS = (
					"$(inherited)",
					"@executable_path/Frameworks",
				);
				MARKETING_VERSION = 1.0;
				PRODUCT_BUNDLE_IDENTIFIER = com.vladgudenko.RandomNumbersList;
				PRODUCT_NAME = "$(TARGET_NAME)";
				SWIFT_EMIT_LOC_STRINGS = YES;
				SWIFT_VERSION = 5.0;
				TARGETED_DEVICE_FAMILY = "1,2";
			};
			name = Release;
		};
/* End XCBuildConfiguration section */

/* Begin XCConfigurationList section */
		3F9026AE2B91B10A00B9FEE3 /* Build configuration list for PBXProject "RandomNumbersList" */ = {
			isa = XCConfigurationList;
			buildConfigurations = (
				3F9026C52B91B10C00B9FEE3 /* Debug */,
				3F9026C62B91B10C00B9FEE3 /* Release */,
			);
			defaultConfigurationIsVisible = 0;
			defaultConfigurationName = Release;
		};
		3F9026C72B91B10C00B9FEE3 /* Build configuration list for PBXNativeTarget "RandomNumbersList" */ = {
			isa = XCConfigurationList;
			buildConfigurations = (
				3F9026C82B91B10C00B9FEE3 /* Debug */,
				3F9026C92B91B10C00B9FEE3 /* Release */,
			);
			defaultConfigurationIsVisible = 0;
			defaultConfigurationName = Release;
		};
/* End XCConfigurationList section */
	};
	rootObject = 3F9026AB2B91B10A00B9FEE3 /* Project object */;
}
